
Microsoft Visual Studio Solution File, Format Version 12.00
# Visual Studio Version 16
VisualStudioVersion = 16.0.31702.278
MinimumVisualStudioVersion = 10.0.40219.1
Project("{9A19103F-16F7-4668-BE54-9A1E7A4F7556}") = "RentCar.API", "RentCar.API\RentCar.API.csproj", "{270D3056-848E-4B73-8409-749F9E3B13E2}"
EndProject
Project("{9A19103F-16F7-4668-BE54-9A1E7A4F7556}") = "RentCar.Database", "RentCar.Database\RentCar.Database.csproj", "{63A7790A-1310-4EDB-9C84-C3B3179A0D4E}"
EndProject
Global
	GlobalSection(SolutionConfigurationPlatforms) = preSolution
		Debug|Any CPU = Debug|Any CPU
		Release|Any CPU = Release|Any CPU
	EndGlobalSection
	GlobalSection(ProjectConfigurationPlatforms) = postSolution
		{270D3056-848E-4B73-8409-749F9E3B13E2}.Debug|Any CPU.ActiveCfg = Debug|Any CPU
		{270D3056-848E-4B73-8409-749F9E3B13E2}.Debug|Any CPU.Build.0 = Debug|Any CPU
		{270D3056-848E-4B73-8409-749F9E3B13E2}.Release|Any CPU.ActiveCfg = Release|Any CPU
		{270D3056-848E-4B73-8409-749F9E3B13E2}.Release|Any CPU.Build.0 = Release|Any CPU
		{63A7790A-1310-4EDB-9C84-C3B3179A0D4E}.Debug|Any CPU.ActiveCfg = Debug|Any CPU
		{63A7790A-1310-4EDB-9C84-C3B3179A0D4E}.Debug|Any CPU.Build.0 = Debug|Any CPU
		{63A7790A-1310-4EDB-9C84-C3B3179A0D4E}.Release|Any CPU.ActiveCfg = Release|Any CPU
		{63A7790A-1310-4EDB-9C84-C3B3179A0D4E}.Release|Any CPU.Build.0 = Release|Any CPU
	EndGlobalSection
	GlobalSection(SolutionProperties) = preSolution
		HideSolutionNode = FALSE
	EndGlobalSection
	GlobalSection(ExtensibilityGlobals) = postSolution
		SolutionGuid = {918C37F2-681D-4FAC-BCBB-14C6836D39C3}
	EndGlobalSection
EndGlobal
